
Microsoft Visual Studio Solution File, Format Version 12.00
# Visual Studio 15
VisualStudioVersion = 15.0.28307.705
MinimumVisualStudioVersion = 10.0.40219.1
Project("{FAE04EC0-301F-11D3-BF4B-00C04F79EFBC}") = "WPFWebSocket", "WPFWebSocket\WPFWebSocket.csproj", "{EA48AD70-D5E9-42F9-B2EC-642DBAC06421}"
EndProject
Global
	GlobalSection(SolutionConfigurationPlatforms) = preSolution
		Debug|Any CPU = Debug|Any CPU
		Release|Any CPU = Release|Any CPU
	EndGlobalSection
	GlobalSection(ProjectConfigurationPlatforms) = postSolution
		{EA48AD70-D5E9-42F9-B2EC-642DBAC06421}.Debug|Any CPU.ActiveCfg = Debug|Any CPU
		{EA48AD70-D5E9-42F9-B2EC-642DBAC06421}.Debug|Any CPU.Build.0 = Debug|Any CPU
		{EA48AD70-D5E9-42F9-B2EC-642DBAC06421}.Release|Any CPU.ActiveCfg = Release|Any CPU
		{EA48AD70-D5E9-42F9-B2EC-642DBAC06421}.Release|Any CPU.Build.0 = Release|Any CPU
	EndGlobalSection
	GlobalSection(SolutionProperties) = preSolution
		HideSolutionNode = FALSE
	EndGlobalSection
	GlobalSection(ExtensibilityGlobals) = postSolution
		SolutionGuid = {FD8F9D7F-9F0F-4CB7-836B-D470C8611336}
	EndGlobalSection
EndGlobal
